
Microsoft Visual Studio Solution File, Format Version 12.00
# Visual Studio 14
VisualStudioVersion = 14.0.25123.0
MinimumVisualStudioVersion = 10.0.40219.1
Project("{2150E333-8FDC-42A3-9474-1A3956D46DE8}") = "libraries", "libraries", "{EB7FFD97-BF1A-43AA-BA1F-79790D1920A1}"
EndProject
Project("{8BC9CEB8-8B4A-11D0-8D11-00A0C91BC942}") = "camera", "libraries\camera\camera.vcxproj", "{04671D75-DA92-4A74-AFB9-F37547F0E0C5}"
EndProject
Project("{8BC9CEB8-8B4A-11D0-8D11-00A0C91BC942}") = "clothBW", "libraries\clothBW\clothBW.vcxproj", "{923EB695-3FD9-495F-8819-1A57B509B075}"
EndProject
Project("{8BC9CEB8-8B4A-11D0-8D11-00A0C91BC942}") = "configFile", "libraries\configFile\configFile.vcxproj", "{B3AE41D2-1C84-477C-B8B3-BB0C3CB6C362}"
EndProject
Project("{8BC9CEB8-8B4A-11D0-8D11-00A0C91BC942}") = "corotationalLinearFEM", "libraries\corotationalLinearFEM\corotationalLinearFEM.vcxproj", "{73ACE2E1-A766-432D-B1D6-377F7E5329CE}"
EndProject
Project("{8BC9CEB8-8B4A-11D0-8D11-00A0C91BC942}") = "elasticForceModel", "libraries\elasticForceModel\elasticForceModel.vcxproj", "{79D5AABE-4ABC-4A64-B567-25437FE8E918}"
EndProject
Project("{8BC9CEB8-8B4A-11D0-8D11-00A0C91BC942}") = "forceModel", "libraries\forceModel\forceModel.vcxproj", "{F21F4F21-23DE-4781-BFCE-D591C7DE6CA9}"
EndProject
Project("{8BC9CEB8-8B4A-11D0-8D11-00A0C91BC942}") = "getopts", "libraries\getopts\getopts.vcxproj", "{E268153C-7743-4C35-A6E6-2F65FAEB3B73}"
EndProject
Project("{8BC9CEB8-8B4A-11D0-8D11-00A0C91BC942}") = "glslPhong", "libraries\glslPhong\glslPhong.vcxproj", "{A97F3EB8-C40F-4D72-BDA5-9FC1B6F68EF3}"
EndProject
Project("{8BC9CEB8-8B4A-11D0-8D11-00A0C91BC942}") = "glui", "libraries\glui\glui.vcxproj", "{E593CCB0-F841-493B-B2EA-0D1EFF92055B}"
EndProject
Project("{8BC9CEB8-8B4A-11D0-8D11-00A0C91BC942}") = "graph", "libraries\graph\graph.vcxproj", "{B8426A6C-D15C-4795-B8F8-72CE60B43371}"
EndProject
Project("{8BC9CEB8-8B4A-11D0-8D11-00A0C91BC942}") = "hashTable", "libraries\hashTable\hashTable.vcxproj", "{3519BA6F-54BF-4A91-A626-C28A5811A418}"
EndProject
Project("{8BC9CEB8-8B4A-11D0-8D11-00A0C91BC942}") = "imageIO", "libraries\imageIO\imageIO.vcxproj", "{9504AC30-8748-4F25-9007-069238444112}"
EndProject
Project("{8BC9CEB8-8B4A-11D0-8D11-00A0C91BC942}") = "insertRows", "libraries\insertRows\insertRows.vcxproj", "{AA7F3979-BC64-4C03-8E27-77DC61D017A4}"
EndProject
Project("{8BC9CEB8-8B4A-11D0-8D11-00A0C91BC942}") = "integrator", "libraries\integrator\integrator.vcxproj", "{87DE2839-2C14-4663-9683-7711F7728BEC}"
EndProject
Project("{8BC9CEB8-8B4A-11D0-8D11-00A0C91BC942}") = "integratorDense", "libraries\integratorDense\integratorDense.vcxproj", "{E478A444-7175-4356-B6F8-8D55066310CD}"
EndProject
Project("{8BC9CEB8-8B4A-11D0-8D11-00A0C91BC942}") = "integratorSparse", "libraries\integratorSparse\integratorSparse.vcxproj", "{C1F6E138-EE1F-45FF-AD10-D4A0CA2E087C}"
EndProject
Project("{8BC9CEB8-8B4A-11D0-8D11-00A0C91BC942}") = "isotropicHyperelasticFEM", "libraries\isotropicHyperelasticFEM\isotropicHyperelasticFEM.vcxproj", "{3704BF71-5EFC-4F58-9B0B-523CE167748E}"
EndProject
Project("{8BC9CEB8-8B4A-11D0-8D11-00A0C91BC942}") = "lighting", "libraries\lighting\lighting.vcxproj", "{411B7DB0-7F1D-4D98-A93F-F13C86B8FBF4}"
	ProjectSection(ProjectDependencies) = postProject
		{B3AE41D2-1C84-477C-B8B3-BB0C3CB6C362} = {B3AE41D2-1C84-477C-B8B3-BB0C3CB6C362}
	EndProjectSection
EndProject
Project("{8BC9CEB8-8B4A-11D0-8D11-00A0C91BC942}") = "loadList", "libraries\loadList\loadList.vcxproj", "{1472A080-12A9-4A13-89B7-F908F268B63A}"
EndProject
Project("{8BC9CEB8-8B4A-11D0-8D11-00A0C91BC942}") = "massSpringSystem", "libraries\massSpringSystem\massSpringSystem.vcxproj", "{F15BFF9A-F38A-4D6F-BFE4-3EA06C921F49}"
EndProject
Project("{8BC9CEB8-8B4A-11D0-8D11-00A0C91BC942}") = "matrix", "libraries\matrix\matrix.vcxproj", "{94F87CBB-AC10-42BA-8C03-ACB44778F6EE}"
EndProject
Project("{8BC9CEB8-8B4A-11D0-8D11-00A0C91BC942}") = "matrixIO", "libraries\matrixIO\matrixIO.vcxproj", "{048AE3E4-4FDB-47E3-BDBA-873839C380CA}"
EndProject
Project("{8BC9CEB8-8B4A-11D0-8D11-00A0C91BC942}") = "minivector", "libraries\minivector\minivector.vcxproj", "{671BC1A0-5894-4F3F-A785-556A87165994}"
EndProject
Project("{8BC9CEB8-8B4A-11D0-8D11-00A0C91BC942}") = "modalMatrix", "libraries\modalMatrix\modalMatrix.vcxproj", "{C0934E7B-4BBD-4749-A3B9-002DAFA1C53A}"
EndProject
Project("{8BC9CEB8-8B4A-11D0-8D11-00A0C91BC942}") = "objMesh", "libraries\objMesh\objMesh.vcxproj", "{E28D40E0-4D25-417B-A867-659C3714F010}"
EndProject
Project("{8BC9CEB8-8B4A-11D0-8D11-00A0C91BC942}") = "objMeshGPUDeformer", "libraries\objMeshGPUDeformer\objMeshGPUDeformer.vcxproj", "{557A4A10-F2D0-480B-B2A2-DBE5E463EC3C}"
EndProject
Project("{8BC9CEB8-8B4A-11D0-8D11-00A0C91BC942}") = "openGLHelper", "libraries\openGLHelper\openGLHelper.vcxproj", "{8A7DD50A-C9B8-4C4A-BD4C-91F33F6A64B3}"
EndProject
Project("{8BC9CEB8-8B4A-11D0-8D11-00A0C91BC942}") = "performanceCounter", "libraries\performanceCounter\performanceCounter.vcxproj", "{6ADC0DE6-B332-4D68-BFBE-297ACF81EC62}"
EndProject
Project("{8BC9CEB8-8B4A-11D0-8D11-00A0C91BC942}") = "polarDecomposition", "libraries\polarDecomposition\polarDecomposition.vcxproj", "{B8F2AB4E-0674-48D4-981C-542298053BC0}"
EndProject
Project("{8BC9CEB8-8B4A-11D0-8D11-00A0C91BC942}") = "quaternion", "libraries\quaternion\quaternion.vcxproj", "{A9E40FA6-1272-42E3-A1B4-7A8653539358}"
EndProject
Project("{8BC9CEB8-8B4A-11D0-8D11-00A0C91BC942}") = "reducedElasticForceModel", "libraries\reducedElasticForceModel\reducedElasticForceModel.vcxproj", "{74AAC111-F5B0-48F2-973D-4C191271E532}"
EndProject
Project("{8BC9CEB8-8B4A-11D0-8D11-00A0C91BC942}") = "reducedForceModel", "libraries\reducedForceModel\reducedForceModel.vcxproj", "{1B6E3940-56E1-455A-A50E-BFC07C3064C4}"
EndProject
Project("{8BC9CEB8-8B4A-11D0-8D11-00A0C91BC942}") = "reducedStvk", "libraries\reducedStvk\reducedStvk.vcxproj", "{1AB786E8-D9B1-4847-9561-01A30174E864}"
EndProject
Project("{8BC9CEB8-8B4A-11D0-8D11-00A0C91BC942}") = "renderVolumetricMesh", "libraries\renderVolumetricMesh\renderVolumetricMesh.vcxproj", "{0F6AA311-50B5-409B-A347-80D0713BDD8C}"
EndProject
Project("{8BC9CEB8-8B4A-11D0-8D11-00A0C91BC942}") = "rigidBodyDynamics", "libraries\rigidBodyDynamics\rigidBodyDynamics.vcxproj", "{5C260397-0BFD-4215-BC03-D9DB1E27DE18}"
EndProject
Project("{8BC9CEB8-8B4A-11D0-8D11-00A0C91BC942}") = "sceneObject", "libraries\sceneObject\sceneObject.vcxproj", "{0A962ABE-3B94-4DE3-9117-1E9BE764BC2E}"
EndProject
Project("{8BC9CEB8-8B4A-11D0-8D11-00A0C91BC942}") = "sceneObjectReduced", "libraries\sceneObjectReduced\sceneObjectReduced.vcxproj", "{EBF8A849-5A61-4F3D-913A-D6838B5BA508}"
EndProject
Project("{8BC9CEB8-8B4A-11D0-8D11-00A0C91BC942}") = "sparseMatrix", "libraries\sparseMatrix\sparseMatrix.vcxproj", "{139D2704-FCED-4D0B-BDE0-28CA1DE2D6AD}"
EndProject
Project("{8BC9CEB8-8B4A-11D0-8D11-00A0C91BC942}") = "sparseSolver", "libraries\sparseSolver\sparseSolver.vcxproj", "{62DCDECF-E939-4E76-82B8-885437893AE7}"
EndProject
Project("{8BC9CEB8-8B4A-11D0-8D11-00A0C91BC942}") = "stvk", "libraries\stvk\stvk.vcxproj", "{97907F8C-931A-43DF-A704-1CB61A24E1E7}"
EndProject
Project("{8BC9CEB8-8B4A-11D0-8D11-00A0C91BC942}") = "uniqueIntegerID", "libraries\uniqueIntegerID\uniqueIntegerID.vcxproj", "{73E54C77-1278-4D5F-876C-286223919A10}"
EndProject
Project("{8BC9CEB8-8B4A-11D0-8D11-00A0C91BC942}") = "volumetricMesh", "libraries\volumetricMesh\volumetricMesh.vcxproj", "{99852FDA-D257-42D1-9407-6BC5A04F4A90}"
EndProject
Project("{2150E333-8FDC-42A3-9474-1A3956D46DE8}") = "tools", "tools", "{A751FE09-D56D-4237-A152-752EAFE457E2}"
EndProject
Global
	GlobalSection(SolutionConfigurationPlatforms) = preSolution
		Debug|x64 = Debug|x64
		Debug|x86 = Debug|x86
		Release|x64 = Release|x64
		Release|x86 = Release|x86
	EndGlobalSection
	GlobalSection(ProjectConfigurationPlatforms) = postSolution
		{04671D75-DA92-4A74-AFB9-F37547F0E0C5}.Debug|x64.ActiveCfg = Debug|x64
		{04671D75-DA92-4A74-AFB9-F37547F0E0C5}.Debug|x64.Build.0 = Debug|x64
		{04671D75-DA92-4A74-AFB9-F37547F0E0C5}.Debug|x86.ActiveCfg = Debug|Win32
		{04671D75-DA92-4A74-AFB9-F37547F0E0C5}.Debug|x86.Build.0 = Debug|Win32
		{04671D75-DA92-4A74-AFB9-F37547F0E0C5}.Release|x64.ActiveCfg = Release|x64
		{04671D75-DA92-4A74-AFB9-F37547F0E0C5}.Release|x64.Build.0 = Release|x64
		{04671D75-DA92-4A74-AFB9-F37547F0E0C5}.Release|x86.ActiveCfg = Release|Win32
		{04671D75-DA92-4A74-AFB9-F37547F0E0C5}.Release|x86.Build.0 = Release|Win32
		{04671D75-DA92-4A74-AFB9-F37547F0E0C5}.Release|x86.Deploy.0 = Release|Win32
		{923EB695-3FD9-495F-8819-1A57B509B075}.Debug|x64.ActiveCfg = Debug|x64
		{923EB695-3FD9-495F-8819-1A57B509B075}.Debug|x64.Build.0 = Debug|x64
		{923EB695-3FD9-495F-8819-1A57B509B075}.Debug|x86.ActiveCfg = Debug|Win32
		{923EB695-3FD9-495F-8819-1A57B509B075}.Debug|x86.Build.0 = Debug|Win32
		{923EB695-3FD9-495F-8819-1A57B509B075}.Release|x64.ActiveCfg = Release|x64
		{923EB695-3FD9-495F-8819-1A57B509B075}.Release|x64.Build.0 = Release|x64
		{923EB695-3FD9-495F-8819-1A57B509B075}.Release|x86.ActiveCfg = Release|Win32
		{923EB695-3FD9-495F-8819-1A57B509B075}.Release|x86.Build.0 = Release|Win32
		{B3AE41D2-1C84-477C-B8B3-BB0C3CB6C362}.Debug|x64.ActiveCfg = Debug|x64
		{B3AE41D2-1C84-477C-B8B3-BB0C3CB6C362}.Debug|x64.Build.0 = Debug|x64
		{B3AE41D2-1C84-477C-B8B3-BB0C3CB6C362}.Debug|x86.ActiveCfg = Debug|Win32
		{B3AE41D2-1C84-477C-B8B3-BB0C3CB6C362}.Debug|x86.Build.0 = Debug|Win32
		{B3AE41D2-1C84-477C-B8B3-BB0C3CB6C362}.Release|x64.ActiveCfg = Release|x64
		{B3AE41D2-1C84-477C-B8B3-BB0C3CB6C362}.Release|x64.Build.0 = Release|x64
		{B3AE41D2-1C84-477C-B8B3-BB0C3CB6C362}.Release|x86.ActiveCfg = Release|Win32
		{B3AE41D2-1C84-477C-B8B3-BB0C3CB6C362}.Release|x86.Build.0 = Release|Win32
		{73ACE2E1-A766-432D-B1D6-377F7E5329CE}.Debug|x64.ActiveCfg = Debug|x64
		{73ACE2E1-A766-432D-B1D6-377F7E5329CE}.Debug|x64.Build.0 = Debug|x64
		{73ACE2E1-A766-432D-B1D6-377F7E5329CE}.Debug|x86.ActiveCfg = Debug|Win32
		{73ACE2E1-A766-432D-B1D6-377F7E5329CE}.Debug|x86.Build.0 = Debug|Win32
		{73ACE2E1-A766-432D-B1D6-377F7E5329CE}.Release|x64.ActiveCfg = Release|x64
		{73ACE2E1-A766-432D-B1D6-377F7E5329CE}.Release|x64.Build.0 = Release|x64
		{73ACE2E1-A766-432D-B1D6-377F7E5329CE}.Release|x86.ActiveCfg = Release|Win32
		{73ACE2E1-A766-432D-B1D6-377F7E5329CE}.Release|x86.Build.0 = Release|Win32
		{79D5AABE-4ABC-4A64-B567-25437FE8E918}.Debug|x64.ActiveCfg = Debug|x64
		{79D5AABE-4ABC-4A64-B567-25437FE8E918}.Debug|x64.Build.0 = Debug|x64
		{79D5AABE-4ABC-4A64-B567-25437FE8E918}.Debug|x86.ActiveCfg = Debug|Win32
		{79D5AABE-4ABC-4A64-B567-25437FE8E918}.Debug|x86.Build.0 = Debug|Win32
		{79D5AABE-4ABC-4A64-B567-25437FE8E918}.Release|x64.ActiveCfg = Release|x64
		{79D5AABE-4ABC-4A64-B567-25437FE8E918}.Release|x64.Build.0 = Release|x64
		{79D5AABE-4ABC-4A64-B567-25437FE8E918}.Release|x86.ActiveCfg = Release|Win32
		{79D5AABE-4ABC-4A64-B567-25437FE8E918}.Release|x86.Build.0 = Release|Win32
		{F21F4F21-23DE-4781-BFCE-D591C7DE6CA9}.Debug|x64.ActiveCfg = Debug|x64
		{F21F4F21-23DE-4781-BFCE-D591C7DE6CA9}.Debug|x64.Build.0 = Debug|x64
		{F21F4F21-23DE-4781-BFCE-D591C7DE6CA9}.Debug|x86.ActiveCfg = Debug|Win32
		{F21F4F21-23DE-4781-BFCE-D591C7DE6CA9}.Debug|x86.Build.0 = Debug|Win32
		{F21F4F21-23DE-4781-BFCE-D591C7DE6CA9}.Release|x64.ActiveCfg = Release|x64
		{F21F4F21-23DE-4781-BFCE-D591C7DE6CA9}.Release|x64.Build.0 = Release|x64
		{F21F4F21-23DE-4781-BFCE-D591C7DE6CA9}.Release|x86.ActiveCfg = Release|Win32
		{F21F4F21-23DE-4781-BFCE-D591C7DE6CA9}.Release|x86.Build.0 = Release|Win32
		{E268153C-7743-4C35-A6E6-2F65FAEB3B73}.Debug|x64.ActiveCfg = Debug|x64
		{E268153C-7743-4C35-A6E6-2F65FAEB3B73}.Debug|x64.Build.0 = Debug|x64
		{E268153C-7743-4C35-A6E6-2F65FAEB3B73}.Debug|x86.ActiveCfg = Debug|Win32
		{E268153C-7743-4C35-A6E6-2F65FAEB3B73}.Debug|x86.Build.0 = Debug|Win32
		{E268153C-7743-4C35-A6E6-2F65FAEB3B73}.Release|x64.ActiveCfg = Release|x64
		{E268153C-7743-4C35-A6E6-2F65FAEB3B73}.Release|x64.Build.0 = Release|x64
		{E268153C-7743-4C35-A6E6-2F65FAEB3B73}.Release|x86.ActiveCfg = Release|Win32
		{E268153C-7743-4C35-A6E6-2F65FAEB3B73}.Release|x86.Build.0 = Release|Win32
		{A97F3EB8-C40F-4D72-BDA5-9FC1B6F68EF3}.Debug|x64.ActiveCfg = Debug|x64
		{A97F3EB8-C40F-4D72-BDA5-9FC1B6F68EF3}.Debug|x64.Build.0 = Debug|x64
		{A97F3EB8-C40F-4D72-BDA5-9FC1B6F68EF3}.Debug|x86.ActiveCfg = Debug|Win32
		{A97F3EB8-C40F-4D72-BDA5-9FC1B6F68EF3}.Debug|x86.Build.0 = Debug|Win32
		{A97F3EB8-C40F-4D72-BDA5-9FC1B6F68EF3}.Release|x64.ActiveCfg = Release|x64
		{A97F3EB8-C40F-4D72-BDA5-9FC1B6F68EF3}.Release|x64.Build.0 = Release|x64
		{A97F3EB8-C40F-4D72-BDA5-9FC1B6F68EF3}.Release|x86.ActiveCfg = Release|Win32
		{A97F3EB8-C40F-4D72-BDA5-9FC1B6F68EF3}.Release|x86.Build.0 = Release|Win32
		{E593CCB0-F841-493B-B2EA-0D1EFF92055B}.Debug|x64.ActiveCfg = Debug|x64
		{E593CCB0-F841-493B-B2EA-0D1EFF92055B}.Debug|x64.Build.0 = Debug|x64
		{E593CCB0-F841-493B-B2EA-0D1EFF92055B}.Debug|x86.ActiveCfg = Debug|Win32
		{E593CCB0-F841-493B-B2EA-0D1EFF92055B}.Debug|x86.Build.0 = Debug|Win32
		{E593CCB0-F841-493B-B2EA-0D1EFF92055B}.Release|x64.ActiveCfg = Release|x64
		{E593CCB0-F841-493B-B2EA-0D1EFF92055B}.Release|x64.Build.0 = Release|x64
		{E593CCB0-F841-493B-B2EA-0D1EFF92055B}.Release|x86.ActiveCfg = Release|Win32
		{E593CCB0-F841-493B-B2EA-0D1EFF92055B}.Release|x86.Build.0 = Release|Win32
		{B8426A6C-D15C-4795-B8F8-72CE60B43371}.Debug|x64.ActiveCfg = Debug|x64
		{B8426A6C-D15C-4795-B8F8-72CE60B43371}.Debug|x64.Build.0 = Debug|x64
		{B8426A6C-D15C-4795-B8F8-72CE60B43371}.Debug|x86.ActiveCfg = Debug|Win32
		{B8426A6C-D15C-4795-B8F8-72CE60B43371}.Debug|x86.Build.0 = Debug|Win32
		{B8426A6C-D15C-4795-B8F8-72CE60B43371}.Release|x64.ActiveCfg = Release|x64
		{B8426A6C-D15C-4795-B8F8-72CE60B43371}.Release|x64.Build.0 = Release|x64
		{B8426A6C-D15C-4795-B8F8-72CE60B43371}.Release|x86.ActiveCfg = Release|Win32
		{B8426A6C-D15C-4795-B8F8-72CE60B43371}.Release|x86.Build.0 = Release|Win32
		{3519BA6F-54BF-4A91-A626-C28A5811A418}.Debug|x64.ActiveCfg = Debug|x64
		{3519BA6F-54BF-4A91-A626-C28A5811A418}.Debug|x64.Build.0 = Debug|x64
		{3519BA6F-54BF-4A91-A626-C28A5811A418}.Debug|x86.ActiveCfg = Debug|Win32
		{3519BA6F-54BF-4A91-A626-C28A5811A418}.Debug|x86.Build.0 = Debug|Win32
		{3519BA6F-54BF-4A91-A626-C28A5811A418}.Release|x64.ActiveCfg = Release|x64
		{3519BA6F-54BF-4A91-A626-C28A5811A418}.Release|x64.Build.0 = Release|x64
		{3519BA6F-54BF-4A91-A626-C28A5811A418}.Release|x86.ActiveCfg = Release|Win32
		{3519BA6F-54BF-4A91-A626-C28A5811A418}.Release|x86.Build.0 = Release|Win32
		{9504AC30-8748-4F25-9007-069238444112}.Debug|x64.ActiveCfg = Debug|x64
		{9504AC30-8748-4F25-9007-069238444112}.Debug|x64.Build.0 = Debug|x64
		{9504AC30-8748-4F25-9007-069238444112}.Debug|x86.ActiveCfg = Debug|Win32
		{9504AC30-8748-4F25-9007-069238444112}.Debug|x86.Build.0 = Debug|Win32
		{9504AC30-8748-4F25-9007-069238444112}.Release|x64.ActiveCfg = Release|x64
		{9504AC30-8748-4F25-9007-069238444112}.Release|x64.Build.0 = Release|x64
		{9504AC30-8748-4F25-9007-069238444112}.Release|x86.ActiveCfg = Release|Win32
		{9504AC30-8748-4F25-9007-069238444112}.Release|x86.Build.0 = Release|Win32
		{AA7F3979-BC64-4C03-8E27-77DC61D017A4}.Debug|x64.ActiveCfg = Debug|x64
		{AA7F3979-BC64-4C03-8E27-77DC61D017A4}.Debug|x64.Build.0 = Debug|x64
		{AA7F3979-BC64-4C03-8E27-77DC61D017A4}.Debug|x86.ActiveCfg = Debug|Win32
		{AA7F3979-BC64-4C03-8E27-77DC61D017A4}.Debug|x86.Build.0 = Debug|Win32
		{AA7F3979-BC64-4C03-8E27-77DC61D017A4}.Release|x64.ActiveCfg = Release|x64
		{AA7F3979-BC64-4C03-8E27-77DC61D017A4}.Release|x64.Build.0 = Release|x64
		{AA7F3979-BC64-4C03-8E27-77DC61D017A4}.Release|x86.ActiveCfg = Release|Win32
		{AA7F3979-BC64-4C03-8E27-77DC61D017A4}.Release|x86.Build.0 = Release|Win32
		{87DE2839-2C14-4663-9683-7711F7728BEC}.Debug|x64.ActiveCfg = Debug|x64
		{87DE2839-2C14-4663-9683-7711F7728BEC}.Debug|x64.Build.0 = Debug|x64
		{87DE2839-2C14-4663-9683-7711F7728BEC}.Debug|x86.ActiveCfg = Debug|Win32
		{87DE2839-2C14-4663-9683-7711F7728BEC}.Debug|x86.Build.0 = Debug|Win32
		{87DE2839-2C14-4663-9683-7711F7728BEC}.Release|x64.ActiveCfg = Release|x64
		{87DE2839-2C14-4663-9683-7711F7728BEC}.Release|x64.Build.0 = Release|x64
		{87DE2839-2C14-4663-9683-7711F7728BEC}.Release|x86.ActiveCfg = Release|Win32
		{87DE2839-2C14-4663-9683-7711F7728BEC}.Release|x86.Build.0 = Release|Win32
		{E478A444-7175-4356-B6F8-8D55066310CD}.Debug|x64.ActiveCfg = Debug|x64
		{E478A444-7175-4356-B6F8-8D55066310CD}.Debug|x64.Build.0 = Debug|x64
		{E478A444-7175-4356-B6F8-8D55066310CD}.Debug|x86.ActiveCfg = Debug|Win32
		{E478A444-7175-4356-B6F8-8D55066310CD}.Debug|x86.Build.0 = Debug|Win32
		{E478A444-7175-4356-B6F8-8D55066310CD}.Release|x64.ActiveCfg = Release|x64
		{E478A444-7175-4356-B6F8-8D55066310CD}.Release|x64.Build.0 = Release|x64
		{E478A444-7175-4356-B6F8-8D55066310CD}.Release|x86.ActiveCfg = Release|Win32
		{E478A444-7175-4356-B6F8-8D55066310CD}.Release|x86.Build.0 = Release|Win32
		{C1F6E138-EE1F-45FF-AD10-D4A0CA2E087C}.Debug|x64.ActiveCfg = Debug|x64
		{C1F6E138-EE1F-45FF-AD10-D4A0CA2E087C}.Debug|x64.Build.0 = Debug|x64
		{C1F6E138-EE1F-45FF-AD10-D4A0CA2E087C}.Debug|x86.ActiveCfg = Debug|Win32
		{C1F6E138-EE1F-45FF-AD10-D4A0CA2E087C}.Debug|x86.Build.0 = Debug|Win32
		{C1F6E138-EE1F-45FF-AD10-D4A0CA2E087C}.Release|x64.ActiveCfg = Release|x64
		{C1F6E138-EE1F-45FF-AD10-D4A0CA2E087C}.Release|x64.Build.0 = Release|x64
		{C1F6E138-EE1F-45FF-AD10-D4A0CA2E087C}.Release|x86.ActiveCfg = Release|Win32
		{C1F6E138-EE1F-45FF-AD10-D4A0CA2E087C}.Release|x86.Build.0 = Release|Win32
		{3704BF71-5EFC-4F58-9B0B-523CE167748E}.Debug|x64.ActiveCfg = Debug|x64
		{3704BF71-5EFC-4F58-9B0B-523CE167748E}.Debug|x64.Build.0 = Debug|x64
		{3704BF71-5EFC-4F58-9B0B-523CE167748E}.Debug|x86.ActiveCfg = Debug|Win32
		{3704BF71-5EFC-4F58-9B0B-523CE167748E}.Debug|x86.Build.0 = Debug|Win32
		{3704BF71-5EFC-4F58-9B0B-523CE167748E}.Release|x64.ActiveCfg = Release|x64
		{3704BF71-5EFC-4F58-9B0B-523CE167748E}.Release|x64.Build.0 = Release|x64
		{3704BF71-5EFC-4F58-9B0B-523CE167748E}.Release|x86.ActiveCfg = Release|Win32
		{3704BF71-5EFC-4F58-9B0B-523CE167748E}.Release|x86.Build.0 = Release|Win32
		{411B7DB0-7F1D-4D98-A93F-F13C86B8FBF4}.Debug|x64.ActiveCfg = Debug|x64
		{411B7DB0-7F1D-4D98-A93F-F13C86B8FBF4}.Debug|x64.Build.0 = Debug|x64
		{411B7DB0-7F1D-4D98-A93F-F13C86B8FBF4}.Debug|x86.ActiveCfg = Debug|Win32
		{411B7DB0-7F1D-4D98-A93F-F13C86B8FBF4}.Debug|x86.Build.0 = Debug|Win32
		{411B7DB0-7F1D-4D98-A93F-F13C86B8FBF4}.Release|x64.ActiveCfg = Release|x64
		{411B7DB0-7F1D-4D98-A93F-F13C86B8FBF4}.Release|x64.Build.0 = Release|x64
		{411B7DB0-7F1D-4D98-A93F-F13C86B8FBF4}.Release|x86.ActiveCfg = Release|Win32
		{411B7DB0-7F1D-4D98-A93F-F13C86B8FBF4}.Release|x86.Build.0 = Release|Win32
		{1472A080-12A9-4A13-89B7-F908F268B63A}.Debug|x64.ActiveCfg = Debug|x64
		{1472A080-12A9-4A13-89B7-F908F268B63A}.Debug|x64.Build.0 = Debug|x64
		{1472A080-12A9-4A13-89B7-F908F268B63A}.Debug|x86.ActiveCfg = Debug|Win32
		{1472A080-12A9-4A13-89B7-F908F268B63A}.Debug|x86.Build.0 = Debug|Win32
		{1472A080-12A9-4A13-89B7-F908F268B63A}.Release|x64.ActiveCfg = Release|x64
		{1472A080-12A9-4A13-89B7-F908F268B63A}.Release|x64.Build.0 = Release|x64
		{1472A080-12A9-4A13-89B7-F908F268B63A}.Release|x86.ActiveCfg = Release|Win32
		{1472A080-12A9-4A13-89B7-F908F268B63A}.Release|x86.Build.0 = Release|Win32
		{F15BFF9A-F38A-4D6F-BFE4-3EA06C921F49}.Debug|x64.ActiveCfg = Debug|x64
		{F15BFF9A-F38A-4D6F-BFE4-3EA06C921F49}.Debug|x64.Build.0 = Debug|x64
		{F15BFF9A-F38A-4D6F-BFE4-3EA06C921F49}.Debug|x86.ActiveCfg = Debug|Win32
		{F15BFF9A-F38A-4D6F-BFE4-3EA06C921F49}.Debug|x86.Build.0 = Debug|Win32
		{F15BFF9A-F38A-4D6F-BFE4-3EA06C921F49}.Release|x64.ActiveCfg = Release|x64
		{F15BFF9A-F38A-4D6F-BFE4-3EA06C921F49}.Release|x64.Build.0 = Release|x64
		{F15BFF9A-F38A-4D6F-BFE4-3EA06C921F49}.Release|x86.ActiveCfg = Release|Win32
		{F15BFF9A-F38A-4D6F-BFE4-3EA06C921F49}.Release|x86.Build.0 = Release|Win32
		{94F87CBB-AC10-42BA-8C03-ACB44778F6EE}.Debug|x64.ActiveCfg = Debug|x64
		{94F87CBB-AC10-42BA-8C03-ACB44778F6EE}.Debug|x64.Build.0 = Debug|x64
		{94F87CBB-AC10-42BA-8C03-ACB44778F6EE}.Debug|x86.ActiveCfg = Debug|Win32
		{94F87CBB-AC10-42BA-8C03-ACB44778F6EE}.Debug|x86.Build.0 = Debug|Win32
		{94F87CBB-AC10-42BA-8C03-ACB44778F6EE}.Release|x64.ActiveCfg = Release|x64
		{94F87CBB-AC10-42BA-8C03-ACB44778F6EE}.Release|x64.Build.0 = Release|x64
		{94F87CBB-AC10-42BA-8C03-ACB44778F6EE}.Release|x86.ActiveCfg = Release|Win32
		{94F87CBB-AC10-42BA-8C03-ACB44778F6EE}.Release|x86.Build.0 = Release|Win32
		{048AE3E4-4FDB-47E3-BDBA-873839C380CA}.Debug|x64.ActiveCfg = Debug|x64
		{048AE3E4-4FDB-47E3-BDBA-873839C380CA}.Debug|x64.Build.0 = Debug|x64
		{048AE3E4-4FDB-47E3-BDBA-873839C380CA}.Debug|x86.ActiveCfg = Debug|Win32
		{048AE3E4-4FDB-47E3-BDBA-873839C380CA}.Debug|x86.Build.0 = Debug|Win32
		{048AE3E4-4FDB-47E3-BDBA-873839C380CA}.Release|x64.ActiveCfg = Release|x64
		{048AE3E4-4FDB-47E3-BDBA-873839C380CA}.Release|x64.Build.0 = Release|x64
		{048AE3E4-4FDB-47E3-BDBA-873839C380CA}.Release|x86.ActiveCfg = Release|Win32
		{048AE3E4-4FDB-47E3-BDBA-873839C380CA}.Release|x86.Build.0 = Release|Win32
		{671BC1A0-5894-4F3F-A785-556A87165994}.Debug|x64.ActiveCfg = Debug|x64
		{671BC1A0-5894-4F3F-A785-556A87165994}.Debug|x64.Build.0 = Debug|x64
		{671BC1A0-5894-4F3F-A785-556A87165994}.Debug|x86.ActiveCfg = Debug|Win32
		{671BC1A0-5894-4F3F-A785-556A87165994}.Debug|x86.Build.0 = Debug|Win32
		{671BC1A0-5894-4F3F-A785-556A87165994}.Release|x64.ActiveCfg = Release|x64
		{671BC1A0-5894-4F3F-A785-556A87165994}.Release|x64.Build.0 = Release|x64
		{671BC1A0-5894-4F3F-A785-556A87165994}.Release|x86.ActiveCfg = Release|Win32
		{671BC1A0-5894-4F3F-A785-556A87165994}.Release|x86.Build.0 = Release|Win32
		{C0934E7B-4BBD-4749-A3B9-002DAFA1C53A}.Debug|x64.ActiveCfg = Debug|x64
		{C0934E7B-4BBD-4749-A3B9-002DAFA1C53A}.Debug|x64.Build.0 = Debug|x64
		{C0934E7B-4BBD-4749-A3B9-002DAFA1C53A}.Debug|x86.ActiveCfg = Debug|Win32
		{C0934E7B-4BBD-4749-A3B9-002DAFA1C53A}.Debug|x86.Build.0 = Debug|Win32
		{C0934E7B-4BBD-4749-A3B9-002DAFA1C53A}.Release|x64.ActiveCfg = Release|x64
		{C0934E7B-4BBD-4749-A3B9-002DAFA1C53A}.Release|x64.Build.0 = Release|x64
		{C0934E7B-4BBD-4749-A3B9-002DAFA1C53A}.Release|x86.ActiveCfg = Release|Win32
		{C0934E7B-4BBD-4749-A3B9-002DAFA1C53A}.Release|x86.Build.0 = Release|Win32
		{E28D40E0-4D25-417B-A867-659C3714F010}.Debug|x64.ActiveCfg = Debug|x64
		{E28D40E0-4D25-417B-A867-659C3714F010}.Debug|x64.Build.0 = Debug|x64
		{E28D40E0-4D25-417B-A867-659C3714F010}.Debug|x86.ActiveCfg = Debug|Win32
		{E28D40E0-4D25-417B-A867-659C3714F010}.Debug|x86.Build.0 = Debug|Win32
		{E28D40E0-4D25-417B-A867-659C3714F010}.Release|x64.ActiveCfg = Release|x64
		{E28D40E0-4D25-417B-A867-659C3714F010}.Release|x64.Build.0 = Release|x64
		{E28D40E0-4D25-417B-A867-659C3714F010}.Release|x86.ActiveCfg = Release|Win32
		{E28D40E0-4D25-417B-A867-659C3714F010}.Release|x86.Build.0 = Release|Win32
		{557A4A10-F2D0-480B-B2A2-DBE5E463EC3C}.Debug|x64.ActiveCfg = Debug|x64
		{557A4A10-F2D0-480B-B2A2-DBE5E463EC3C}.Debug|x64.Build.0 = Debug|x64
		{557A4A10-F2D0-480B-B2A2-DBE5E463EC3C}.Debug|x86.ActiveCfg = Debug|Win32
		{557A4A10-F2D0-480B-B2A2-DBE5E463EC3C}.Debug|x86.Build.0 = Debug|Win32
		{557A4A10-F2D0-480B-B2A2-DBE5E463EC3C}.Release|x64.ActiveCfg = Release|x64
		{557A4A10-F2D0-480B-B2A2-DBE5E463EC3C}.Release|x64.Build.0 = Release|x64
		{557A4A10-F2D0-480B-B2A2-DBE5E463EC3C}.Release|x86.ActiveCfg = Release|Win32
		{557A4A10-F2D0-480B-B2A2-DBE5E463EC3C}.Release|x86.Build.0 = Release|Win32
		{8A7DD50A-C9B8-4C4A-BD4C-91F33F6A64B3}.Debug|x64.ActiveCfg = Debug|x64
		{8A7DD50A-C9B8-4C4A-BD4C-91F33F6A64B3}.Debug|x64.Build.0 = Debug|x64
		{8A7DD50A-C9B8-4C4A-BD4C-91F33F6A64B3}.Debug|x86.ActiveCfg = Debug|Win32
		{8A7DD50A-C9B8-4C4A-BD4C-91F33F6A64B3}.Debug|x86.Build.0 = Debug|Win32
		{8A7DD50A-C9B8-4C4A-BD4C-91F33F6A64B3}.Release|x64.ActiveCfg = Release|x64
		{8A7DD50A-C9B8-4C4A-BD4C-91F33F6A64B3}.Release|x64.Build.0 = Release|x64
		{8A7DD50A-C9B8-4C4A-BD4C-91F33F6A64B3}.Release|x86.ActiveCfg = Release|Win32
		{8A7DD50A-C9B8-4C4A-BD4C-91F33F6A64B3}.Release|x86.Build.0 = Release|Win32
		{6ADC0DE6-B332-4D68-BFBE-297ACF81EC62}.Debug|x64.ActiveCfg = Debug|x64
		{6ADC0DE6-B332-4D68-BFBE-297ACF81EC62}.Debug|x64.Build.0 = Debug|x64
		{6ADC0DE6-B332-4D68-BFBE-297ACF81EC62}.Debug|x86.ActiveCfg = Debug|Win32
		{6ADC0DE6-B332-4D68-BFBE-297ACF81EC62}.Debug|x86.Build.0 = Debug|Win32
		{6ADC0DE6-B332-4D68-BFBE-297ACF81EC62}.Release|x64.ActiveCfg = Release|x64
		{6ADC0DE6-B332-4D68-BFBE-297ACF81EC62}.Release|x64.Build.0 = Release|x64
		{6ADC0DE6-B332-4D68-BFBE-297ACF81EC62}.Release|x86.ActiveCfg = Release|Win32
		{6ADC0DE6-B332-4D68-BFBE-297ACF81EC62}.Release|x86.Build.0 = Release|Win32
		{B8F2AB4E-0674-48D4-981C-542298053BC0}.Debug|x64.ActiveCfg = Debug|x64
		{B8F2AB4E-0674-48D4-981C-542298053BC0}.Debug|x64.Build.0 = Debug|x64
		{B8F2AB4E-0674-48D4-981C-542298053BC0}.Debug|x86.ActiveCfg = Debug|Win32
		{B8F2AB4E-0674-48D4-981C-542298053BC0}.Debug|x86.Build.0 = Debug|Win32
		{B8F2AB4E-0674-48D4-981C-542298053BC0}.Release|x64.ActiveCfg = Release|x64
		{B8F2AB4E-0674-48D4-981C-542298053BC0}.Release|x64.Build.0 = Release|x64
		{B8F2AB4E-0674-48D4-981C-542298053BC0}.Release|x86.ActiveCfg = Release|Win32
		{B8F2AB4E-0674-48D4-981C-542298053BC0}.Release|x86.Build.0 = Release|Win32
		{A9E40FA6-1272-42E3-A1B4-7A8653539358}.Debug|x64.ActiveCfg = Debug|x64
		{A9E40FA6-1272-42E3-A1B4-7A8653539358}.Debug|x64.Build.0 = Debug|x64
		{A9E40FA6-1272-42E3-A1B4-7A8653539358}.Debug|x86.ActiveCfg = Debug|Win32
		{A9E40FA6-1272-42E3-A1B4-7A8653539358}.Debug|x86.Build.0 = Debug|Win32
		{A9E40FA6-1272-42E3-A1B4-7A8653539358}.Release|x64.ActiveCfg = Release|x64
		{A9E40FA6-1272-42E3-A1B4-7A8653539358}.Release|x64.Build.0 = Release|x64
		{A9E40FA6-1272-42E3-A1B4-7A8653539358}.Release|x86.ActiveCfg = Release|Win32
		{A9E40FA6-1272-42E3-A1B4-7A8653539358}.Release|x86.Build.0 = Release|Win32
		{74AAC111-F5B0-48F2-973D-4C191271E532}.Debug|x64.ActiveCfg = Debug|x64
		{74AAC111-F5B0-48F2-973D-4C191271E532}.Debug|x64.Build.0 = Debug|x64
		{74AAC111-F5B0-48F2-973D-4C191271E532}.Debug|x86.ActiveCfg = Debug|Win32
		{74AAC111-F5B0-48F2-973D-4C191271E532}.Debug|x86.Build.0 = Debug|Win32
		{74AAC111-F5B0-48F2-973D-4C191271E532}.Release|x64.ActiveCfg = Release|x64
		{74AAC111-F5B0-48F2-973D-4C191271E532}.Release|x64.Build.0 = Release|x64
		{74AAC111-F5B0-48F2-973D-4C191271E532}.Release|x86.ActiveCfg = Release|Win32
		{74AAC111-F5B0-48F2-973D-4C191271E532}.Release|x86.Build.0 = Release|Win32
		{1B6E3940-56E1-455A-A50E-BFC07C3064C4}.Debug|x64.ActiveCfg = Debug|x64
		{1B6E3940-56E1-455A-A50E-BFC07C3064C4}.Debug|x64.Build.0 = Debug|x64
		{1B6E3940-56E1-455A-A50E-BFC07C3064C4}.Debug|x86.ActiveCfg = Debug|Win32
		{1B6E3940-56E1-455A-A50E-BFC07C3064C4}.Debug|x86.Build.0 = Debug|Win32
		{1B6E3940-56E1-455A-A50E-BFC07C3064C4}.Release|x64.ActiveCfg = Release|x64
		{1B6E3940-56E1-455A-A50E-BFC07C3064C4}.Release|x64.Build.0 = Release|x64
		{1B6E3940-56E1-455A-A50E-BFC07C3064C4}.Release|x86.ActiveCfg = Release|Win32
		{1B6E3940-56E1-455A-A50E-BFC07C3064C4}.Release|x86.Build.0 = Release|Win32
		{1AB786E8-D9B1-4847-9561-01A30174E864}.Debug|x64.ActiveCfg = Debug|x64
		{1AB786E8-D9B1-4847-9561-01A30174E864}.Debug|x64.Build.0 = Debug|x64
		{1AB786E8-D9B1-4847-9561-01A30174E864}.Debug|x86.ActiveCfg = Debug|Win32
		{1AB786E8-D9B1-4847-9561-01A30174E864}.Debug|x86.Build.0 = Debug|Win32
		{1AB786E8-D9B1-4847-9561-01A30174E864}.Release|x64.ActiveCfg = Release|x64
		{1AB786E8-D9B1-4847-9561-01A30174E864}.Release|x64.Build.0 = Release|x64
		{1AB786E8-D9B1-4847-9561-01A30174E864}.Release|x86.ActiveCfg = Release|Win32
		{1AB786E8-D9B1-4847-9561-01A30174E864}.Release|x86.Build.0 = Release|Win32
		{0F6AA311-50B5-409B-A347-80D0713BDD8C}.Debug|x64.ActiveCfg = Debug|x64
		{0F6AA311-50B5-409B-A347-80D0713BDD8C}.Debug|x64.Build.0 = Debug|x64
		{0F6AA311-50B5-409B-A347-80D0713BDD8C}.Debug|x86.ActiveCfg = Debug|Win32
		{0F6AA311-50B5-409B-A347-80D0713BDD8C}.Debug|x86.Build.0 = Debug|Win32
		{0F6AA311-50B5-409B-A347-80D0713BDD8C}.Release|x64.ActiveCfg = Release|x64
		{0F6AA311-50B5-409B-A347-80D0713BDD8C}.Release|x64.Build.0 = Release|x64
		{0F6AA311-50B5-409B-A347-80D0713BDD8C}.Release|x86.ActiveCfg = Release|Win32
		{0F6AA311-50B5-409B-A347-80D0713BDD8C}.Release|x86.Build.0 = Release|Win32
		{5C260397-0BFD-4215-BC03-D9DB1E27DE18}.Debug|x64.ActiveCfg = Debug|x64
		{5C260397-0BFD-4215-BC03-D9DB1E27DE18}.Debug|x64.Build.0 = Debug|x64
		{5C260397-0BFD-4215-BC03-D9DB1E27DE18}.Debug|x86.ActiveCfg = Debug|Win32
		{5C260397-0BFD-4215-BC03-D9DB1E27DE18}.Debug|x86.Build.0 = Debug|Win32
		{5C260397-0BFD-4215-BC03-D9DB1E27DE18}.Release|x64.ActiveCfg = Release|x64
		{5C260397-0BFD-4215-BC03-D9DB1E27DE18}.Release|x64.Build.0 = Release|x64
		{5C260397-0BFD-4215-BC03-D9DB1E27DE18}.Release|x86.ActiveCfg = Release|Win32
		{5C260397-0BFD-4215-BC03-D9DB1E27DE18}.Release|x86.Build.0 = Release|Win32
		{0A962ABE-3B94-4DE3-9117-1E9BE764BC2E}.Debug|x64.ActiveCfg = Debug|x64
		{0A962ABE-3B94-4DE3-9117-1E9BE764BC2E}.Debug|x64.Build.0 = Debug|x64
		{0A962ABE-3B94-4DE3-9117-1E9BE764BC2E}.Debug|x86.ActiveCfg = Debug|Win32
		{0A962ABE-3B94-4DE3-9117-1E9BE764BC2E}.Debug|x86.Build.0 = Debug|Win32
		{0A962ABE-3B94-4DE3-9117-1E9BE764BC2E}.Release|x64.ActiveCfg = Release|x64
		{0A962ABE-3B94-4DE3-9117-1E9BE764BC2E}.Release|x64.Build.0 = Release|x64
		{0A962ABE-3B94-4DE3-9117-1E9BE764BC2E}.Release|x86.ActiveCfg = Release|Win32
		{0A962ABE-3B94-4DE3-9117-1E9BE764BC2E}.Release|x86.Build.0 = Release|Win32
		{EBF8A849-5A61-4F3D-913A-D6838B5BA508}.Debug|x64.ActiveCfg = Debug|x64
		{EBF8A849-5A61-4F3D-913A-D6838B5BA508}.Debug|x64.Build.0 = Debug|x64
		{EBF8A849-5A61-4F3D-913A-D6838B5BA508}.Debug|x86.ActiveCfg = Debug|Win32
		{EBF8A849-5A61-4F3D-913A-D6838B5BA508}.Debug|x86.Build.0 = Debug|Win32
		{EBF8A849-5A61-4F3D-913A-D6838B5BA508}.Release|x64.ActiveCfg = Release|x64
		{EBF8A849-5A61-4F3D-913A-D6838B5BA508}.Release|x64.Build.0 = Release|x64
		{EBF8A849-5A61-4F3D-913A-D6838B5BA508}.Release|x86.ActiveCfg = Release|Win32
		{EBF8A849-5A61-4F3D-913A-D6838B5BA508}.Release|x86.Build.0 = Release|Win32
		{139D2704-FCED-4D0B-BDE0-28CA1DE2D6AD}.Debug|x64.ActiveCfg = Debug|x64
		{139D2704-FCED-4D0B-BDE0-28CA1DE2D6AD}.Debug|x64.Build.0 = Debug|x64
		{139D2704-FCED-4D0B-BDE0-28CA1DE2D6AD}.Debug|x86.ActiveCfg = Debug|Win32
		{139D2704-FCED-4D0B-BDE0-28CA1DE2D6AD}.Debug|x86.Build.0 = Debug|Win32
		{139D2704-FCED-4D0B-BDE0-28CA1DE2D6AD}.Release|x64.ActiveCfg = Release|x64
		{139D2704-FCED-4D0B-BDE0-28CA1DE2D6AD}.Release|x64.Build.0 = Release|x64
		{139D2704-FCED-4D0B-BDE0-28CA1DE2D6AD}.Release|x86.ActiveCfg = Release|Win32
		{139D2704-FCED-4D0B-BDE0-28CA1DE2D6AD}.Release|x86.Build.0 = Release|Win32
		{62DCDECF-E939-4E76-82B8-885437893AE7}.Debug|x64.ActiveCfg = Debug|x64
		{62DCDECF-E939-4E76-82B8-885437893AE7}.Debug|x64.Build.0 = Debug|x64
		{62DCDECF-E939-4E76-82B8-885437893AE7}.Debug|x86.ActiveCfg = Debug|Win32
		{62DCDECF-E939-4E76-82B8-885437893AE7}.Debug|x86.Build.0 = Debug|Win32
		{62DCDECF-E939-4E76-82B8-885437893AE7}.Release|x64.ActiveCfg = Release|x64
		{62DCDECF-E939-4E76-82B8-885437893AE7}.Release|x64.Build.0 = Release|x64
		{62DCDECF-E939-4E76-82B8-885437893AE7}.Release|x86.ActiveCfg = Release|Win32
		{62DCDECF-E939-4E76-82B8-885437893AE7}.Release|x86.Build.0 = Release|Win32
		{97907F8C-931A-43DF-A704-1CB61A24E1E7}.Debug|x64.ActiveCfg = Debug|x64
		{97907F8C-931A-43DF-A704-1CB61A24E1E7}.Debug|x64.Build.0 = Debug|x64
		{97907F8C-931A-43DF-A704-1CB61A24E1E7}.Debug|x86.ActiveCfg = Debug|Win32
		{97907F8C-931A-43DF-A704-1CB61A24E1E7}.Debug|x86.Build.0 = Debug|Win32
		{97907F8C-931A-43DF-A704-1CB61A24E1E7}.Release|x64.ActiveCfg = Release|x64
		{97907F8C-931A-43DF-A704-1CB61A24E1E7}.Release|x64.Build.0 = Release|x64
		{97907F8C-931A-43DF-A704-1CB61A24E1E7}.Release|x86.ActiveCfg = Release|Win32
		{97907F8C-931A-43DF-A704-1CB61A24E1E7}.Release|x86.Build.0 = Release|Win32
		{73E54C77-1278-4D5F-876C-286223919A10}.Debug|x64.ActiveCfg = Debug|x64
		{73E54C77-1278-4D5F-876C-286223919A10}.Debug|x64.Build.0 = Debug|x64
		{73E54C77-1278-4D5F-876C-286223919A10}.Debug|x86.ActiveCfg = Debug|Win32
		{73E54C77-1278-4D5F-876C-286223919A10}.Debug|x86.Build.0 = Debug|Win32
		{73E54C77-1278-4D5F-876C-286223919A10}.Release|x64.ActiveCfg = Release|x64
		{73E54C77-1278-4D5F-876C-286223919A10}.Release|x64.Build.0 = Release|x64
		{73E54C77-1278-4D5F-876C-286223919A10}.Release|x86.ActiveCfg = Release|Win32
		{73E54C77-1278-4D5F-876C-286223919A10}.Release|x86.Build.0 = Release|Win32
		{99852FDA-D257-42D1-9407-6BC5A04F4A90}.Debug|x64.ActiveCfg = Debug|x64
		{99852FDA-D257-42D1-9407-6BC5A04F4A90}.Debug|x64.Build.0 = Debug|x64
		{99852FDA-D257-42D1-9407-6BC5A04F4A90}.Debug|x86.ActiveCfg = Debug|Win32
		{99852FDA-D257-42D1-9407-6BC5A04F4A90}.Debug|x86.Build.0 = Debug|Win32
		{99852FDA-D257-42D1-9407-6BC5A04F4A90}.Release|x64.ActiveCfg = Release|x64
		{99852FDA-D257-42D1-9407-6BC5A04F4A90}.Release|x64.Build.0 = Release|x64
		{99852FDA-D257-42D1-9407-6BC5A04F4A90}.Release|x86.ActiveCfg = Release|Win32
		{99852FDA-D257-42D1-9407-6BC5A04F4A90}.Release|x86.Build.0 = Release|Win32
	EndGlobalSection
	GlobalSection(SolutionProperties) = preSolution
		HideSolutionNode = FALSE
	EndGlobalSection
	GlobalSection(NestedProjects) = preSolution
		{04671D75-DA92-4A74-AFB9-F37547F0E0C5} = {EB7FFD97-BF1A-43AA-BA1F-79790D1920A1}
		{923EB695-3FD9-495F-8819-1A57B509B075} = {EB7FFD97-BF1A-43AA-BA1F-79790D1920A1}
		{B3AE41D2-1C84-477C-B8B3-BB0C3CB6C362} = {EB7FFD97-BF1A-43AA-BA1F-79790D1920A1}
		{73ACE2E1-A766-432D-B1D6-377F7E5329CE} = {EB7FFD97-BF1A-43AA-BA1F-79790D1920A1}
		{79D5AABE-4ABC-4A64-B567-25437FE8E918} = {EB7FFD97-BF1A-43AA-BA1F-79790D1920A1}
		{F21F4F21-23DE-4781-BFCE-D591C7DE6CA9} = {EB7FFD97-BF1A-43AA-BA1F-79790D1920A1}
		{E268153C-7743-4C35-A6E6-2F65FAEB3B73} = {EB7FFD97-BF1A-43AA-BA1F-79790D1920A1}
		{A97F3EB8-C40F-4D72-BDA5-9FC1B6F68EF3} = {EB7FFD97-BF1A-43AA-BA1F-79790D1920A1}
		{E593CCB0-F841-493B-B2EA-0D1EFF92055B} = {A751FE09-D56D-4237-A152-752EAFE457E2}
		{B8426A6C-D15C-4795-B8F8-72CE60B43371} = {EB7FFD97-BF1A-43AA-BA1F-79790D1920A1}
		{3519BA6F-54BF-4A91-A626-C28A5811A418} = {EB7FFD97-BF1A-43AA-BA1F-79790D1920A1}
		{9504AC30-8748-4F25-9007-069238444112} = {EB7FFD97-BF1A-43AA-BA1F-79790D1920A1}
		{AA7F3979-BC64-4C03-8E27-77DC61D017A4} = {EB7FFD97-BF1A-43AA-BA1F-79790D1920A1}
		{87DE2839-2C14-4663-9683-7711F7728BEC} = {EB7FFD97-BF1A-43AA-BA1F-79790D1920A1}
		{E478A444-7175-4356-B6F8-8D55066310CD} = {EB7FFD97-BF1A-43AA-BA1F-79790D1920A1}
		{C1F6E138-EE1F-45FF-AD10-D4A0CA2E087C} = {EB7FFD97-BF1A-43AA-BA1F-79790D1920A1}
		{3704BF71-5EFC-4F58-9B0B-523CE167748E} = {EB7FFD97-BF1A-43AA-BA1F-79790D1920A1}
		{411B7DB0-7F1D-4D98-A93F-F13C86B8FBF4} = {EB7FFD97-BF1A-43AA-BA1F-79790D1920A1}
		{1472A080-12A9-4A13-89B7-F908F268B63A} = {EB7FFD97-BF1A-43AA-BA1F-79790D1920A1}
		{F15BFF9A-F38A-4D6F-BFE4-3EA06C921F49} = {EB7FFD97-BF1A-43AA-BA1F-79790D1920A1}
		{94F87CBB-AC10-42BA-8C03-ACB44778F6EE} = {EB7FFD97-BF1A-43AA-BA1F-79790D1920A1}
		{048AE3E4-4FDB-47E3-BDBA-873839C380CA} = {EB7FFD97-BF1A-43AA-BA1F-79790D1920A1}
		{671BC1A0-5894-4F3F-A785-556A87165994} = {EB7FFD97-BF1A-43AA-BA1F-79790D1920A1}
		{C0934E7B-4BBD-4749-A3B9-002DAFA1C53A} = {EB7FFD97-BF1A-43AA-BA1F-79790D1920A1}
		{E28D40E0-4D25-417B-A867-659C3714F010} = {EB7FFD97-BF1A-43AA-BA1F-79790D1920A1}
		{557A4A10-F2D0-480B-B2A2-DBE5E463EC3C} = {EB7FFD97-BF1A-43AA-BA1F-79790D1920A1}
		{8A7DD50A-C9B8-4C4A-BD4C-91F33F6A64B3} = {EB7FFD97-BF1A-43AA-BA1F-79790D1920A1}
		{6ADC0DE6-B332-4D68-BFBE-297ACF81EC62} = {EB7FFD97-BF1A-43AA-BA1F-79790D1920A1}
		{B8F2AB4E-0674-48D4-981C-542298053BC0} = {EB7FFD97-BF1A-43AA-BA1F-79790D1920A1}
		{A9E40FA6-1272-42E3-A1B4-7A8653539358} = {EB7FFD97-BF1A-43AA-BA1F-79790D1920A1}
		{74AAC111-F5B0-48F2-973D-4C191271E532} = {EB7FFD97-BF1A-43AA-BA1F-79790D1920A1}
		{1B6E3940-56E1-455A-A50E-BFC07C3064C4} = {EB7FFD97-BF1A-43AA-BA1F-79790D1920A1}
		{1AB786E8-D9B1-4847-9561-01A30174E864} = {EB7FFD97-BF1A-43AA-BA1F-79790D1920A1}
		{0F6AA311-50B5-409B-A347-80D0713BDD8C} = {EB7FFD97-BF1A-43AA-BA1F-79790D1920A1}
		{5C260397-0BFD-4215-BC03-D9DB1E27DE18} = {EB7FFD97-BF1A-43AA-BA1F-79790D1920A1}
		{0A962ABE-3B94-4DE3-9117-1E9BE764BC2E} = {EB7FFD97-BF1A-43AA-BA1F-79790D1920A1}
		{EBF8A849-5A61-4F3D-913A-D6838B5BA508} = {EB7FFD97-BF1A-43AA-BA1F-79790D1920A1}
		{139D2704-FCED-4D0B-BDE0-28CA1DE2D6AD} = {EB7FFD97-BF1A-43AA-BA1F-79790D1920A1}
		{62DCDECF-E939-4E76-82B8-885437893AE7} = {EB7FFD97-BF1A-43AA-BA1F-79790D1920A1}
		{97907F8C-931A-43DF-A704-1CB61A24E1E7} = {EB7FFD97-BF1A-43AA-BA1F-79790D1920A1}
		{73E54C77-1278-4D5F-876C-286223919A10} = {EB7FFD97-BF1A-43AA-BA1F-79790D1920A1}
		{99852FDA-D257-42D1-9407-6BC5A04F4A90} = {EB7FFD97-BF1A-43AA-BA1F-79790D1920A1}
		{A751FE09-D56D-4237-A152-752EAFE457E2} = {EB7FFD97-BF1A-43AA-BA1F-79790D1920A1}
	EndGlobalSection
EndGlobal
