<?xml version="1.0" encoding="utf-8"?>
<Project ToolsVersion="4.0" xmlns="http://schemas.microsoft.com/developer/msbuild/2003">
  <ItemGroup>
    <Filter Include="File di origine">
      <UniqueIdentifier>{4FC737F1-C7A5-4376-A066-2A32D752A2FF}</UniqueIdentifier>
      <Extensions>cpp;c;cc;cxx;def;odl;idl;hpj;bat;asm;asmx</Extensions>
    </Filter>
    <Filter Include="File di intestazione">
      <UniqueIdentifier>{93995380-89BD-4b04-88EB-625FBE52EBFB}</UniqueIdentifier>
      <Extensions>h;hh;hpp;hxx;hm;inl;inc;xsd</Extensions>
    </Filter>
    <Filter Include="File di risorse">
      <UniqueIdentifier>{67DA6AB6-F800-4c08-8B7A-83BB121AAD01}</UniqueIdentifier>
      <Extensions>rc;ico;cur;bmp;dlg;rc2;rct;bin;rgs;gif;jpg;jpeg;jpe;resx;tiff;tif;png;wav;mfcribbon-ms</Extensions>
    </Filter>
  </ItemGroup>
  <ItemGroup>
    <ClInclude Include="src\computeStiffnessMatrixNullspace.h">
      <Filter>File di intestazione</Filter>
    </ClInclude>
    <ClInclude Include="src\cubicMesh.h">
      <Filter>File di intestazione</Filter>
    </ClInclude>
    <ClInclude Include="src\generateInterpolationMatrix.h">
      <Filter>File di intestazione</Filter>
    </ClInclude>
    <ClInclude Include="src\generateMassMatrix.h">
      <Filter>File di intestazione</Filter>
    </ClInclude>
    <ClInclude Include="src\generateMeshGraph.h">
      <Filter>File di intestazione</Filter>
    </ClInclude>
    <ClInclude Include="src\generateSurfaceMesh.h">
      <Filter>File di intestazione</Filter>
    </ClInclude>
    <ClInclude Include="src\generateTetMeshFromCubicMesh.h">
      <Filter>File di intestazione</Filter>
    </ClInclude>
    <ClInclude Include="src\interpolationWeightsMultiLoad.h">
      <Filter>File di intestazione</Filter>
    </ClInclude>
    <ClInclude Include="src\tetMesh.h">
      <Filter>File di intestazione</Filter>
    </ClInclude>
    <ClInclude Include="src\volumetricMesh.h">
      <Filter>File di intestazione</Filter>
    </ClInclude>
    <ClInclude Include="src\volumetricMeshDeformationGradient.h">
      <Filter>File di intestazione</Filter>
    </ClInclude>
    <ClInclude Include="src\volumetricMeshENuMaterial.h">
      <Filter>File di intestazione</Filter>
    </ClInclude>
    <ClInclude Include="src\volumetricMeshExtensions.h">
      <Filter>File di intestazione</Filter>
    </ClInclude>
    <ClInclude Include="src\volumetricMeshLoader.h">
      <Filter>File di intestazione</Filter>
    </ClInclude>
    <ClInclude Include="src\volumetricMeshMooneyRivlinMaterial.h">
      <Filter>File di intestazione</Filter>
    </ClInclude>
    <ClInclude Include="src\volumetricMeshOrthotropicMaterial.h">
      <Filter>File di intestazione</Filter>
    </ClInclude>
    <ClInclude Include="src\volumetricMeshParser.h">
      <Filter>File di intestazione</Filter>
    </ClInclude>
  </ItemGroup>
  <ItemGroup>
    <ClCompile Include="src\computeStiffnessMatrixNullspace.cpp">
      <Filter>File di origine</Filter>
    </ClCompile>
    <ClCompile Include="src\cubicMesh.cpp">
      <Filter>File di origine</Filter>
    </ClCompile>
    <ClCompile Include="src\generateInterpolationMatrix.cpp">
      <Filter>File di origine</Filter>
    </ClCompile>
    <ClCompile Include="src\generateMassMatrix.cpp">
      <Filter>File di origine</Filter>
    </ClCompile>
    <ClCompile Include="src\generateMeshGraph.cpp">
      <Filter>File di origine</Filter>
    </ClCompile>
    <ClCompile Include="src\generateSurfaceMesh.cpp">
      <Filter>File di origine</Filter>
    </ClCompile>
    <ClCompile Include="src\generateTetMeshFromCubicMesh.cpp">
      <Filter>File di origine</Filter>
    </ClCompile>
    <ClCompile Include="src\interpolationWeightsMultiLoad.cpp">
      <Filter>File di origine</Filter>
    </ClCompile>
    <ClCompile Include="src\tetMesh.cpp">
      <Filter>File di origine</Filter>
    </ClCompile>
    <ClCompile Include="src\volumetricMesh.cpp">
      <Filter>File di origine</Filter>
    </ClCompile>
    <ClCompile Include="src\volumetricMeshDeformationGradient.cpp">
      <Filter>File di origine</Filter>
    </ClCompile>
    <ClCompile Include="src\volumetricMeshENuMaterial.cpp">
      <Filter>File di origine</Filter>
    </ClCompile>
    <ClCompile Include="src\volumetricMeshExtensions.cpp">
      <Filter>File di origine</Filter>
    </ClCompile>
    <ClCompile Include="src\volumetricMeshLoader.cpp">
      <Filter>File di origine</Filter>
    </ClCompile>
    <ClCompile Include="src\volumetricMeshMooneyRivlinMaterial.cpp">
      <Filter>File di origine</Filter>
    </ClCompile>
    <ClCompile Include="src\volumetricMeshOrthotropicMaterial.cpp">
      <Filter>File di origine</Filter>
    </ClCompile>
    <ClCompile Include="src\volumetricMeshParser.cpp">
      <Filter>File di origine</Filter>
    </ClCompile>
  </ItemGroup>
</Project>