<?xml version="1.0" encoding="utf-8"?>
<Project ToolsVersion="4.0" xmlns="http://schemas.microsoft.com/developer/msbuild/2003">
  <ItemGroup>
    <Filter Include="File di origine">
      <UniqueIdentifier>{4FC737F1-C7A5-4376-A066-2A32D752A2FF}</UniqueIdentifier>
      <Extensions>cpp;c;cc;cxx;def;odl;idl;hpj;bat;asm;asmx</Extensions>
    </Filter>
    <Filter Include="File di intestazione">
      <UniqueIdentifier>{93995380-89BD-4b04-88EB-625FBE52EBFB}</UniqueIdentifier>
      <Extensions>h;hh;hpp;hxx;hm;inl;inc;xsd</Extensions>
    </Filter>
    <Filter Include="File di risorse">
      <UniqueIdentifier>{67DA6AB6-F800-4c08-8B7A-83BB121AAD01}</UniqueIdentifier>
      <Extensions>rc;ico;cur;bmp;dlg;rc2;rct;bin;rgs;gif;jpg;jpeg;jpe;resx;tiff;tif;png;wav;mfcribbon-ms</Extensions>
    </Filter>
  </ItemGroup>
  <ItemGroup>
    <ClInclude Include="src\boundingBox.h">
      <Filter>File di intestazione</Filter>
    </ClInclude>
    <ClInclude Include="src\objMesh.h">
      <Filter>File di intestazione</Filter>
    </ClInclude>
    <ClInclude Include="src\objMeshBinaryLoader.h">
      <Filter>File di intestazione</Filter>
    </ClInclude>
    <ClInclude Include="src\objMeshClose.h">
      <Filter>File di intestazione</Filter>
    </ClInclude>
    <ClInclude Include="src\objMesh-disjointSet.h">
      <Filter>File di intestazione</Filter>
    </ClInclude>
    <ClInclude Include="src\objMeshEncode.h">
      <Filter>File di intestazione</Filter>
    </ClInclude>
    <ClInclude Include="src\objMeshGraph.h">
      <Filter>File di intestazione</Filter>
    </ClInclude>
    <ClInclude Include="src\objMeshOctree.h">
      <Filter>File di intestazione</Filter>
    </ClInclude>
    <ClInclude Include="src\objMeshOffsetVoxels.h">
      <Filter>File di intestazione</Filter>
    </ClInclude>
    <ClInclude Include="src\objMeshOrientable.h">
      <Filter>File di intestazione</Filter>
    </ClInclude>
    <ClInclude Include="src\objMeshRender.h">
      <Filter>File di intestazione</Filter>
    </ClInclude>
    <ClInclude Include="src\octree.h">
      <Filter>File di intestazione</Filter>
    </ClInclude>
    <ClInclude Include="src\simpleSphere.h">
      <Filter>File di intestazione</Filter>
    </ClInclude>
    <ClInclude Include="src\triangle.h">
      <Filter>File di intestazione</Filter>
    </ClInclude>
    <ClInclude Include="src\tribox3.h">
      <Filter>File di intestazione</Filter>
    </ClInclude>
  </ItemGroup>
  <ItemGroup>
    <ClCompile Include="src\boundingBox.cpp">
      <Filter>File di origine</Filter>
    </ClCompile>
    <ClCompile Include="src\objMesh.cpp">
      <Filter>File di origine</Filter>
    </ClCompile>
    <ClCompile Include="src\objMeshBinaryLoader.cpp">
      <Filter>File di origine</Filter>
    </ClCompile>
    <ClCompile Include="src\objMeshClose.cpp">
      <Filter>File di origine</Filter>
    </ClCompile>
    <ClCompile Include="src\objMesh-disjointSet.cpp">
      <Filter>File di origine</Filter>
    </ClCompile>
    <ClCompile Include="src\objMeshEncode.cpp">
      <Filter>File di origine</Filter>
    </ClCompile>
    <ClCompile Include="src\objMeshGraph.cpp">
      <Filter>File di origine</Filter>
    </ClCompile>
    <ClCompile Include="src\objMeshOctree.cpp">
      <Filter>File di origine</Filter>
    </ClCompile>
    <ClCompile Include="src\objMeshOffsetVoxels.cpp">
      <Filter>File di origine</Filter>
    </ClCompile>
    <ClCompile Include="src\objMeshOrientable.cpp">
      <Filter>File di origine</Filter>
    </ClCompile>
    <ClCompile Include="src\objMeshRender.cpp">
      <Filter>File di origine</Filter>
    </ClCompile>
    <ClCompile Include="src\octree.cpp">
      <Filter>File di origine</Filter>
    </ClCompile>
    <ClCompile Include="src\simpleSphere.cpp">
      <Filter>File di origine</Filter>
    </ClCompile>
    <ClCompile Include="src\triangle.cpp">
      <Filter>File di origine</Filter>
    </ClCompile>
    <ClCompile Include="src\tribox3.cpp">
      <Filter>File di origine</Filter>
    </ClCompile>
  </ItemGroup>
</Project>