<?xml version="1.0" encoding="utf-8"?>
<Project ToolsVersion="4.0" xmlns="http://schemas.microsoft.com/developer/msbuild/2003">
  <ItemGroup>
    <Filter Include="File di origine">
      <UniqueIdentifier>{4FC737F1-C7A5-4376-A066-2A32D752A2FF}</UniqueIdentifier>
      <Extensions>cpp;c;cc;cxx;def;odl;idl;hpj;bat;asm;asmx</Extensions>
    </Filter>
    <Filter Include="File di intestazione">
      <UniqueIdentifier>{93995380-89BD-4b04-88EB-625FBE52EBFB}</UniqueIdentifier>
      <Extensions>h;hh;hpp;hxx;hm;inl;inc;xsd</Extensions>
    </Filter>
    <Filter Include="File di risorse">
      <UniqueIdentifier>{67DA6AB6-F800-4c08-8B7A-83BB121AAD01}</UniqueIdentifier>
      <Extensions>rc;ico;cur;bmp;dlg;rc2;rct;bin;rgs;gif;jpg;jpeg;jpe;resx;tiff;tif;png;wav;mfcribbon-ms</Extensions>
    </Filter>
  </ItemGroup>
  <ItemGroup>
    <ClInclude Include="src\StVKCubeABCD.h">
      <Filter>File di intestazione</Filter>
    </ClInclude>
    <ClInclude Include="src\StVKElementABCD.h">
      <Filter>File di intestazione</Filter>
    </ClInclude>
    <ClInclude Include="src\StVKElementABCDLoader.h">
      <Filter>File di intestazione</Filter>
    </ClInclude>
    <ClInclude Include="src\StVKHessianTensor.h">
      <Filter>File di intestazione</Filter>
    </ClInclude>
    <ClInclude Include="src\StVKInternalForces.h">
      <Filter>File di intestazione</Filter>
    </ClInclude>
    <ClInclude Include="src\StVKInternalForcesMT.h">
      <Filter>File di intestazione</Filter>
    </ClInclude>
    <ClInclude Include="src\StVKStiffnessMatrix.h">
      <Filter>File di intestazione</Filter>
    </ClInclude>
    <ClInclude Include="src\StVKStiffnessMatrixMT.h">
      <Filter>File di intestazione</Filter>
    </ClInclude>
    <ClInclude Include="src\StVKTetABCD.h">
      <Filter>File di intestazione</Filter>
    </ClInclude>
    <ClInclude Include="src\StVKTetHighMemoryABCD.h">
      <Filter>File di intestazione</Filter>
    </ClInclude>
  </ItemGroup>
  <ItemGroup>
    <ClCompile Include="src\cubicMeshIntegrals.cpp">
      <Filter>File di origine</Filter>
    </ClCompile>
    <ClCompile Include="src\StVKCubeABCD.cpp">
      <Filter>File di origine</Filter>
    </ClCompile>
    <ClCompile Include="src\StVKElementABCD.cpp">
      <Filter>File di origine</Filter>
    </ClCompile>
    <ClCompile Include="src\StVKElementABCDLoader.cpp">
      <Filter>File di origine</Filter>
    </ClCompile>
    <ClCompile Include="src\StVKHessianTensor.cpp">
      <Filter>File di origine</Filter>
    </ClCompile>
    <ClCompile Include="src\StVKInternalForces.cpp">
      <Filter>File di origine</Filter>
    </ClCompile>
    <ClCompile Include="src\StVKInternalForcesMT.cpp">
      <Filter>File di origine</Filter>
    </ClCompile>
    <ClCompile Include="src\StVKStiffnessMatrix.cpp">
      <Filter>File di origine</Filter>
    </ClCompile>
    <ClCompile Include="src\StVKStiffnessMatrixMT.cpp">
      <Filter>File di origine</Filter>
    </ClCompile>
    <ClCompile Include="src\StVKTetABCD.cpp">
      <Filter>File di origine</Filter>
    </ClCompile>
    <ClCompile Include="src\StVKTetHighMemoryABCD.cpp">
      <Filter>File di origine</Filter>
    </ClCompile>
  </ItemGroup>
</Project>